
Microsoft Visual Studio Solution File, Format Version 12.00
# Visual Studio Version 17
VisualStudioVersion = 17.2.32602.215
MinimumVisualStudioVersion = 10.0.40219.1
Project("{FAE04EC0-301F-11D3-BF4B-00C04F79EFBC}") = "HolaMundo.Android", "HolaMundo\HolaMundo.Android\HolaMundo.Android.csproj", "{F16DDCE7-D6DE-478A-9D18-C2B42A6BA2F3}"
EndProject
Project("{FAE04EC0-301F-11D3-BF4B-00C04F79EFBC}") = "HolaMundo.iOS", "HolaMundo\HolaMundo.iOS\HolaMundo.iOS.csproj", "{B7EC907C-3649-4335-A342-C62A85694CA9}"
EndProject
Project("{FAE04EC0-301F-11D3-BF4B-00C04F79EFBC}") = "HolaMundo", "HolaMundo\HolaMundo\HolaMundo.csproj", "{89C0F00B-974F-4418-80DF-EFDDAE0AA069}"
EndProject
Global
	GlobalSection(SolutionConfigurationPlatforms) = preSolution
		Debug|Any CPU = Debug|Any CPU
		Debug|iPhone = Debug|iPhone
		Debug|iPhoneSimulator = Debug|iPhoneSimulator
		Release|Any CPU = Release|Any CPU
		Release|iPhone = Release|iPhone
		Release|iPhoneSimulator = Release|iPhoneSimulator
	EndGlobalSection
	GlobalSection(ProjectConfigurationPlatforms) = postSolution
		{F16DDCE7-D6DE-478A-9D18-C2B42A6BA2F3}.Debug|Any CPU.ActiveCfg = Debug|Any CPU
		{F16DDCE7-D6DE-478A-9D18-C2B42A6BA2F3}.Debug|Any CPU.Build.0 = Debug|Any CPU
		{F16DDCE7-D6DE-478A-9D18-C2B42A6BA2F3}.Debug|Any CPU.Deploy.0 = Debug|Any CPU
		{F16DDCE7-D6DE-478A-9D18-C2B42A6BA2F3}.Debug|iPhone.ActiveCfg = Debug|Any CPU
		{F16DDCE7-D6DE-478A-9D18-C2B42A6BA2F3}.Debug|iPhone.Build.0 = Debug|Any CPU
		{F16DDCE7-D6DE-478A-9D18-C2B42A6BA2F3}.Debug|iPhone.Deploy.0 = Debug|Any CPU
		{F16DDCE7-D6DE-478A-9D18-C2B42A6BA2F3}.Debug|iPhoneSimulator.ActiveCfg = Debug|Any CPU
		{F16DDCE7-D6DE-478A-9D18-C2B42A6BA2F3}.Debug|iPhoneSimulator.Build.0 = Debug|Any CPU
		{F16DDCE7-D6DE-478A-9D18-C2B42A6BA2F3}.Debug|iPhoneSimulator.Deploy.0 = Debug|Any CPU
		{F16DDCE7-D6DE-478A-9D18-C2B42A6BA2F3}.Release|Any CPU.ActiveCfg = Release|Any CPU
		{F16DDCE7-D6DE-478A-9D18-C2B42A6BA2F3}.Release|Any CPU.Build.0 = Release|Any CPU
		{F16DDCE7-D6DE-478A-9D18-C2B42A6BA2F3}.Release|Any CPU.Deploy.0 = Release|Any CPU
		{F16DDCE7-D6DE-478A-9D18-C2B42A6BA2F3}.Release|iPhone.ActiveCfg = Release|Any CPU
		{F16DDCE7-D6DE-478A-9D18-C2B42A6BA2F3}.Release|iPhone.Build.0 = Release|Any CPU
		{F16DDCE7-D6DE-478A-9D18-C2B42A6BA2F3}.Release|iPhone.Deploy.0 = Release|Any CPU
		{F16DDCE7-D6DE-478A-9D18-C2B42A6BA2F3}.Release|iPhoneSimulator.ActiveCfg = Release|Any CPU
		{F16DDCE7-D6DE-478A-9D18-C2B42A6BA2F3}.Release|iPhoneSimulator.Build.0 = Release|Any CPU
		{F16DDCE7-D6DE-478A-9D18-C2B42A6BA2F3}.Release|iPhoneSimulator.Deploy.0 = Release|Any CPU
		{B7EC907C-3649-4335-A342-C62A85694CA9}.Debug|Any CPU.ActiveCfg = Debug|iPhone
		{B7EC907C-3649-4335-A342-C62A85694CA9}.Debug|Any CPU.Build.0 = Debug|iPhone
		{B7EC907C-3649-4335-A342-C62A85694CA9}.Debug|Any CPU.Deploy.0 = Debug|iPhone
		{B7EC907C-3649-4335-A342-C62A85694CA9}.Debug|iPhone.ActiveCfg = Debug|iPhone
		{B7EC907C-3649-4335-A342-C62A85694CA9}.Debug|iPhone.Build.0 = Debug|iPhone
		{B7EC907C-3649-4335-A342-C62A85694CA9}.Debug|iPhone.Deploy.0 = Debug|iPhone
		{B7EC907C-3649-4335-A342-C62A85694CA9}.Debug|iPhoneSimulator.ActiveCfg = Debug|iPhoneSimulator
		{B7EC907C-3649-4335-A342-C62A85694CA9}.Debug|iPhoneSimulator.Build.0 = Debug|iPhoneSimulator
		{B7EC907C-3649-4335-A342-C62A85694CA9}.Debug|iPhoneSimulator.Deploy.0 = Debug|iPhoneSimulator
		{B7EC907C-3649-4335-A342-C62A85694CA9}.Release|Any CPU.ActiveCfg = Release|iPhoneSimulator
		{B7EC907C-3649-4335-A342-C62A85694CA9}.Release|Any CPU.Build.0 = Release|iPhoneSimulator
		{B7EC907C-3649-4335-A342-C62A85694CA9}.Release|Any CPU.Deploy.0 = Release|iPhoneSimulator
		{B7EC907C-3649-4335-A342-C62A85694CA9}.Release|iPhone.ActiveCfg = Release|iPhone
		{B7EC907C-3649-4335-A342-C62A85694CA9}.Release|iPhone.Build.0 = Release|iPhone
		{B7EC907C-3649-4335-A342-C62A85694CA9}.Release|iPhone.Deploy.0 = Release|iPhone
		{B7EC907C-3649-4335-A342-C62A85694CA9}.Release|iPhoneSimulator.ActiveCfg = Release|iPhoneSimulator
		{B7EC907C-3649-4335-A342-C62A85694CA9}.Release|iPhoneSimulator.Build.0 = Release|iPhoneSimulator
		{B7EC907C-3649-4335-A342-C62A85694CA9}.Release|iPhoneSimulator.Deploy.0 = Release|iPhoneSimulator
		{89C0F00B-974F-4418-80DF-EFDDAE0AA069}.Debug|Any CPU.ActiveCfg = Debug|Any CPU
		{89C0F00B-974F-4418-80DF-EFDDAE0AA069}.Debug|Any CPU.Build.0 = Debug|Any CPU
		{89C0F00B-974F-4418-80DF-EFDDAE0AA069}.Debug|Any CPU.Deploy.0 = Debug|Any CPU
		{89C0F00B-974F-4418-80DF-EFDDAE0AA069}.Debug|iPhone.ActiveCfg = Debug|Any CPU
		{89C0F00B-974F-4418-80DF-EFDDAE0AA069}.Debug|iPhone.Build.0 = Debug|Any CPU
		{89C0F00B-974F-4418-80DF-EFDDAE0AA069}.Debug|iPhone.Deploy.0 = Debug|Any CPU
		{89C0F00B-974F-4418-80DF-EFDDAE0AA069}.Debug|iPhoneSimulator.ActiveCfg = Debug|Any CPU
		{89C0F00B-974F-4418-80DF-EFDDAE0AA069}.Debug|iPhoneSimulator.Build.0 = Debug|Any CPU
		{89C0F00B-974F-4418-80DF-EFDDAE0AA069}.Debug|iPhoneSimulator.Deploy.0 = Debug|Any CPU
		{89C0F00B-974F-4418-80DF-EFDDAE0AA069}.Release|Any CPU.ActiveCfg = Release|Any CPU
		{89C0F00B-974F-4418-80DF-EFDDAE0AA069}.Release|Any CPU.Build.0 = Release|Any CPU
		{89C0F00B-974F-4418-80DF-EFDDAE0AA069}.Release|Any CPU.Deploy.0 = Release|Any CPU
		{89C0F00B-974F-4418-80DF-EFDDAE0AA069}.Release|iPhone.ActiveCfg = Release|Any CPU
		{89C0F00B-974F-4418-80DF-EFDDAE0AA069}.Release|iPhone.Build.0 = Release|Any CPU
		{89C0F00B-974F-4418-80DF-EFDDAE0AA069}.Release|iPhone.Deploy.0 = Release|Any CPU
		{89C0F00B-974F-4418-80DF-EFDDAE0AA069}.Release|iPhoneSimulator.ActiveCfg = Release|Any CPU
		{89C0F00B-974F-4418-80DF-EFDDAE0AA069}.Release|iPhoneSimulator.Build.0 = Release|Any CPU
		{89C0F00B-974F-4418-80DF-EFDDAE0AA069}.Release|iPhoneSimulator.Deploy.0 = Release|Any CPU
	EndGlobalSection
	GlobalSection(SolutionProperties) = preSolution
		HideSolutionNode = FALSE
	EndGlobalSection
	GlobalSection(ExtensibilityGlobals) = postSolution
		SolutionGuid = {8F08FC9C-4FC3-4769-A5F8-BA51B43EFFF9}
	EndGlobalSection
EndGlobal
